<?xml version="1.0" encoding="utf-8"?>
<Solution>
  <!-- Build.Tools first: no refs -> top of topo order -> format gate runs once -->
  <Folder Name="/platform/build/">
    <Project Path="platform/build/Comuki.Build.Tools/Comuki.Build.Tools.csproj" />
  </Folder>
  <Folder Name="/platform/src/shared/">
    <Project Path="platform/src/shared/Comuki.Shared.Kernel/Comuki.Shared.Kernel.csproj" />
    <Project Path="platform/src/shared/Comuki.Shared.Contracts/Comuki.Shared.Contracts.csproj" />
    <Project Path="platform/src/shared/Comuki.Shared.Telemetry/Comuki.Shared.Telemetry.csproj" />
  </Folder>
  <Folder Name="/platform/src/modules/">
    <Project Path="platform/src/modules/Identity/Comuki.Modules.Identity.Domain/Comuki.Modules.Identity.Domain.csproj" />
    <Project Path="platform/src/modules/Identity/Comuki.Modules.Identity.Application/Comuki.Modules.Identity.Application.csproj" />
    <Project Path="platform/src/modules/Identity/Comuki.Modules.Identity.Infrastructure/Comuki.Modules.Identity.Infrastructure.csproj" />
    <Project Path="platform/src/modules/Memory/Comuki.Modules.Memory.Domain/Comuki.Modules.Memory.Domain.csproj" />
    <Project Path="platform/src/modules/Memory/Comuki.Modules.Memory.Application/Comuki.Modules.Memory.Application.csproj" />
    <Project Path="platform/src/modules/Memory/Comuki.Modules.Memory.Infrastructure/Comuki.Modules.Memory.Infrastructure.csproj" />
    <Project Path="platform/src/modules/Projects/Comuki.Modules.Projects.Domain/Comuki.Modules.Projects.Domain.csproj" />
    <Project Path="platform/src/modules/Projects/Comuki.Modules.Projects.Application/Comuki.Modules.Projects.Application.csproj" />
    <Project Path="platform/src/modules/Projects/Comuki.Modules.Projects.Infrastructure/Comuki.Modules.Projects.Infrastructure.csproj" />
    <Project Path="platform/src/modules/Chat/Comuki.Modules.Chat.Domain/Comuki.Modules.Chat.Domain.csproj" />
    <Project Path="platform/src/modules/Chat/Comuki.Modules.Chat.Application/Comuki.Modules.Chat.Application.csproj" />
    <Project Path="platform/src/modules/Chat/Comuki.Modules.Chat.Infrastructure/Comuki.Modules.Chat.Infrastructure.csproj" />
    <Project Path="platform/src/modules/Intake/Comuki.Modules.Intake.Domain/Comuki.Modules.Intake.Domain.csproj" />
    <Project Path="platform/src/modules/Intake/Comuki.Modules.Intake.Application/Comuki.Modules.Intake.Application.csproj" />
    <Project Path="platform/src/modules/Intake/Comuki.Modules.Intake.Infrastructure/Comuki.Modules.Intake.Infrastructure.csproj" />
  </Folder>
  <Folder Name="/platform/src/engine/">
    <Project Path="platform/src/engine/Comuki.Engine.Orchestration/Comuki.Engine.Orchestration.csproj" />
    <Project Path="platform/src/engine/Comuki.Engine.Compute/Comuki.Engine.Compute.csproj" />
  </Folder>
  <Folder Name="/platform/src/host/">
    <Project Path="platform/src/host/Comuki.Host/Comuki.Host.csproj" />
    <Project Path="platform/src/host/Comuki.Host.Brain/Comuki.Host.Brain.csproj" />
    <Project Path="platform/src/host/Comuki.Host.Translator/Comuki.Host.Translator.csproj" />
    <Project Path="platform/src/host/Comuki.Migrator/Comuki.Migrator.csproj" />
  </Folder>
  <Folder Name="/tests/">
    <Project Path="tests/Comuki.Architecture.Tests/Comuki.Architecture.Tests.csproj" />
  </Folder>
  <Folder Name="/tests/unit/">
    <Project Path="tests/unit/Comuki.Host.Translator.Unit.StreamJson/Comuki.Host.Translator.Unit.StreamJson.csproj" />
    <Project Path="tests/unit/Comuki.Host.Translator.Unit.Runtime/Comuki.Host.Translator.Unit.Runtime.csproj" />
    <Project Path="tests/unit/Comuki.Host.Unit.ProfileCatalog/Comuki.Host.Unit.ProfileCatalog.csproj" />
    <Project Path="tests/unit/Comuki.Host.Unit.WorkerRuntime/Comuki.Host.Unit.WorkerRuntime.csproj" />
    <Project Path="tests/unit/Comuki.Engine.Orchestration.Unit.StatusMachine/Comuki.Engine.Orchestration.Unit.StatusMachine.csproj" />
    <Project Path="tests/unit/Comuki.Engine.Compute.Unit/Comuki.Engine.Compute.Unit.csproj" />
    <Project Path="tests/unit/Comuki.Host.Unit.Auth/Comuki.Host.Unit.Auth.csproj" />
    <Project Path="tests/unit/Comuki.Modules.Identity.Unit/Comuki.Modules.Identity.Unit.csproj" />
    <Project Path="tests/unit/Comuki.Modules.Memory.Unit/Comuki.Modules.Memory.Unit.csproj" />
    <Project Path="tests/unit/Comuki.Modules.Projects.Unit/Comuki.Modules.Projects.Unit.csproj" />
    <Project Path="tests/unit/Comuki.Host.Brain.Unit/Comuki.Host.Brain.Unit.csproj" />
    <Project Path="tests/unit/Comuki.Modules.Chat.Unit/Comuki.Modules.Chat.Unit.csproj" />
    <Project Path="tests/unit/Comuki.Modules.Intake.Unit/Comuki.Modules.Intake.Unit.csproj" />
  </Folder>
  <Folder Name="/tests/integration/">
    <Project Path="tests/integration/Comuki.Engine.Orchestration.Integration.Migrations/Comuki.Engine.Orchestration.Integration.Migrations.csproj" />
    <Project Path="tests/integration/Comuki.Engine.Orchestration.Integration.Queue/Comuki.Engine.Orchestration.Integration.Queue.csproj" />
    <Project Path="tests/integration/Comuki.Host.Integration.Auth/Comuki.Host.Integration.Auth.csproj" />
    <Project Path="tests/integration/Comuki.Host.Integration.Oidc/Comuki.Host.Integration.Oidc.csproj" />
    <Project Path="tests/integration/Comuki.Host.Translator.Integration.PiCli/Comuki.Host.Translator.Integration.PiCli.csproj" />
    <Project Path="tests/integration/Comuki.Modules.Identity.Integration.Migrations/Comuki.Modules.Identity.Integration.Migrations.csproj" />
    <Project Path="tests/integration/Comuki.Modules.Memory.Integration.Migrations/Comuki.Modules.Memory.Integration.Migrations.csproj" />
    <Project Path="tests/integration/Comuki.Modules.Projects.Integration.Migrations/Comuki.Modules.Projects.Integration.Migrations.csproj" />
    <Project Path="tests/integration/Comuki.Modules.Intake.Integration.Migrations/Comuki.Modules.Intake.Integration.Migrations.csproj" />
    <Project Path="tests/integration/Comuki.Host.Integration.Chat/Comuki.Host.Integration.Chat.csproj" />
    <Project Path="tests/integration/Comuki.Host.Integration.Intake/Comuki.Host.Integration.Intake.csproj" />
  </Folder>
  <Folder Name="/tests/tools/">
    <Project Path="tests/tools/Comuki.TestFakePi/Comuki.TestFakePi.csproj" />
  </Folder>
</Solution>
