<?xml version="1.0" encoding="utf-8"?>
<Solution>
  <!-- Build.Tools first: no refs -> top of topo order -> format gate runs once -->
  <Folder Name="/platform/build/">
    <Project Path="platform/build/Comuki.Build.Tools/Comuki.Build.Tools.csproj" />
  </Folder>
  <Folder Name="/platform/src/shared/">
    <Project Path="platform/src/shared/Comuki.Shared.Kernel/Comuki.Shared.Kernel.csproj" />
    <Project Path="platform/src/shared/Comuki.Shared.Contracts/Comuki.Shared.Contracts.csproj" />
  </Folder>
  <Folder Name="/platform/src/modules/">
    <Project Path="platform/src/modules/Identity/Comuki.Modules.Identity.Domain/Comuki.Modules.Identity.Domain.csproj" />
    <Project Path="platform/src/modules/Identity/Comuki.Modules.Identity.Application/Comuki.Modules.Identity.Application.csproj" />
    <Project Path="platform/src/modules/Identity/Comuki.Modules.Identity.Infrastructure/Comuki.Modules.Identity.Infrastructure.csproj" />
  </Folder>
  <Folder Name="/platform/src/engine/">
    <Project Path="platform/src/engine/Comuki.Engine.Orchestration/Comuki.Engine.Orchestration.csproj" />
    <Project Path="platform/src/engine/Comuki.Engine.Compute/Comuki.Engine.Compute.csproj" />
  </Folder>
  <Folder Name="/platform/src/host/">
    <Project Path="platform/src/host/Comuki.Host/Comuki.Host.csproj" />
    <Project Path="platform/src/host/Comuki.Host.Translator/Comuki.Host.Translator.csproj" />
    <Project Path="platform/src/host/Comuki.Migrator/Comuki.Migrator.csproj" />
  </Folder>
  <Folder Name="/tests/">
    <Project Path="tests/Comuki.Architecture.Tests/Comuki.Architecture.Tests.csproj" />
  </Folder>
  <Folder Name="/tests/unit/">
    <Project Path="tests/unit/Comuki.Host.Translator.Unit.StreamJson/Comuki.Host.Translator.Unit.StreamJson.csproj" />
    <Project Path="tests/unit/Comuki.Host.Translator.Unit.Runtime/Comuki.Host.Translator.Unit.Runtime.csproj" />
    <Project Path="tests/unit/Comuki.Host.Unit.ProfileCatalog/Comuki.Host.Unit.ProfileCatalog.csproj" />
    <Project Path="tests/unit/Comuki.Host.Unit.WorkerRuntime/Comuki.Host.Unit.WorkerRuntime.csproj" />
    <Project Path="tests/unit/Comuki.Engine.Orchestration.Unit.StatusMachine/Comuki.Engine.Orchestration.Unit.StatusMachine.csproj" />
    <Project Path="tests/unit/Comuki.Engine.Compute.Unit/Comuki.Engine.Compute.Unit.csproj" />
    <Project Path="tests/unit/Comuki.Modules.Identity.Unit/Comuki.Modules.Identity.Unit.csproj" />
  </Folder>
  <Folder Name="/tests/integration/">
    <Project Path="tests/integration/Comuki.Engine.Orchestration.Integration.Migrations/Comuki.Engine.Orchestration.Integration.Migrations.csproj" />
    <Project Path="tests/integration/Comuki.Engine.Orchestration.Integration.Queue/Comuki.Engine.Orchestration.Integration.Queue.csproj" />
    <Project Path="tests/integration/Comuki.Host.Translator.Integration.PiCli/Comuki.Host.Translator.Integration.PiCli.csproj" />
    <Project Path="tests/integration/Comuki.Modules.Identity.Integration.Migrations/Comuki.Modules.Identity.Integration.Migrations.csproj" />
  </Folder>
  <Folder Name="/tests/tools/">
    <Project Path="tests/tools/Comuki.TestFakePi/Comuki.TestFakePi.csproj" />
  </Folder>
</Solution>
